// !$*UTF8*$!
{
	archiveVersion = 1;
	classes = {
	};
	objectVersion = 46;
	objects = {

/* Begin PBXBuildFile section */
		00B1837B1CFEDEBB00604333 /* AppDelegate.swift in Sources */ = {isa = PBXBuildFile; fileRef = 00B1837A1CFEDEBB00604333 /* AppDelegate.swift */; };
		00B1837D1CFEDEBB00604333 /* ViewController.swift in Sources */ = {isa = PBXBuildFile; fileRef = 00B1837C1CFEDEBB00604333 /* ViewController.swift */; };
		00B183801CFEDEBB00604333 /* Main.storyboard in Resources */ = {isa = PBXBuildFile; fileRef = 00B1837E1CFEDEBB00604333 /* Main.storyboard */; };
		00B183821CFEDEBB00604333 /* Assets.xcassets in Resources */ = {isa = PBXBuildFile; fileRef = 00B183811CFEDEBB00604333 /* Assets.xcassets */; };
		00B183851CFEDEBB00604333 /* LaunchScreen.storyboard in Resources */ = {isa = PBXBuildFile; fileRef = 00B183831CFEDEBB00604333 /* LaunchScreen.storyboard */; };
		00B1838E1CFEDEFD00604333 /* LWVideoPlayer.swift in Sources */ = {isa = PBXBuildFile; fileRef = 00B1838D1CFEDEFD00604333 /* LWVideoPlayer.swift */; };
		00CC89F51CFFE05800A62717 /* sample_clip1.m4v in Resources */ = {isa = PBXBuildFile; fileRef = 00CC89F41CFFE05800A62717 /* sample_clip1.m4v */; };
		00CC89F71D00150B00A62717 /* TableViewController.swift in Sources */ = {isa = PBXBuildFile; fileRef = 00CC89F61D00150B00A62717 /* TableViewController.swift */; };
/* End PBXBuildFile section */

/* Begin PBXFileReference section */
		00B183771CFEDEBB00604333 /* LWVideoPlayer.app */ = {isa = PBXFileReference; explicitFileType = wrapper.application; includeInIndex = 0; path = LWVideoPlayer.app; sourceTree = BUILT_PRODUCTS_DIR; };
		00B1837A1CFEDEBB00604333 /* AppDelegate.swift */ = {isa = PBXFileReference; lastKnownFileType = sourcecode.swift; path = AppDelegate.swift; sourceTree = "<group>"; };
		00B1837C1CFEDEBB00604333 /* ViewController.swift */ = {isa = PBXFileReference; lastKnownFileType = sourcecode.swift; path = ViewController.swift; sourceTree = "<group>"; };
		00B1837F1CFEDEBB00604333 /* Base */ = {isa = PBXFileReference; lastKnownFileType = file.storyboard; name = Base; path = Base.lproj/Main.storyboard; sourceTree = "<group>"; };
		00B183811CFEDEBB00604333 /* Assets.xcassets */ = {isa = PBXFileReference; lastKnownFileType = folder.assetcatalog; path = Assets.xcassets; sourceTree = "<group>"; };
		00B183841CFEDEBB00604333 /* Base */ = {isa = PBXFileReference; lastKnownFileType = file.storyboard; name = Base; path = Base.lproj/LaunchScreen.storyboard; sourceTree = "<group>"; };
		00B183861CFEDEBB00604333 /* Info.plist */ = {isa = PBXFileReference; lastKnownFileType = text.plist.xml; path = Info.plist; sourceTree = "<group>"; };
		00B1838D1CFEDEFD00604333 /* LWVideoPlayer.swift */ = {isa = PBXFileReference; fileEncoding = 4; lastKnownFileType = sourcecode.swift; path = LWVideoPlayer.swift; sourceTree = "<group>"; };
		00CC89F41CFFE05800A62717 /* sample_clip1.m4v */ = {isa = PBXFileReference; lastKnownFileType = file; path = sample_clip1.m4v; sourceTree = "<group>"; };
		00CC89F61D00150B00A62717 /* TableViewController.swift */ = {isa = PBXFileReference; fileEncoding = 4; lastKnownFileType = sourcecode.swift; path = TableViewController.swift; sourceTree = "<group>"; };
/* End PBXFileReference section */

/* Begin PBXFrameworksBuildPhase section */
		00B183741CFEDEBB00604333 /* Frameworks */ = {
			isa = PBXFrameworksBuildPhase;
			buildActionMask = 2147483647;
			files = (
			);
			runOnlyForDeploymentPostprocessing = 0;
		};
/* End PBXFrameworksBuildPhase section */

/* Begin PBXGroup section */
		00B1836E1CFEDEBB00604333 = {
			isa = PBXGroup;
			children = (
				00B183791CFEDEBB00604333 /* LWVideoPlayer */,
				00B183781CFEDEBB00604333 /* Products */,
			);
			sourceTree = "<group>";
		};
		00B183781CFEDEBB00604333 /* Products */ = {
			isa = PBXGroup;
			children = (
				00B183771CFEDEBB00604333 /* LWVideoPlayer.app */,
			);
			name = Products;
			sourceTree = "<group>";
		};
		00B183791CFEDEBB00604333 /* LWVideoPlayer */ = {
			isa = PBXGroup;
			children = (
				00B1838C1CFEDEEC00604333 /* Class */,
				00B1837A1CFEDEBB00604333 /* AppDelegate.swift */,
				00B1837C1CFEDEBB00604333 /* ViewController.swift */,
				00CC89F61D00150B00A62717 /* TableViewController.swift */,
				00B1837E1CFEDEBB00604333 /* Main.storyboard */,
				00B183811CFEDEBB00604333 /* Assets.xcassets */,
				00B183831CFEDEBB00604333 /* LaunchScreen.storyboard */,
				00B183861CFEDEBB00604333 /* Info.plist */,
				00CC89F41CFFE05800A62717 /* sample_clip1.m4v */,
			);
			path = LWVideoPlayer;
			sourceTree = "<group>";
		};
		00B1838C1CFEDEEC00604333 /* Class */ = {
			isa = PBXGroup;
			children = (
				00B1838D1CFEDEFD00604333 /* LWVideoPlayer.swift */,
			);
			name = Class;
			sourceTree = "<group>";
		};
/* End PBXGroup section */

/* Begin PBXNativeTarget section */
		00B183761CFEDEBB00604333 /* LWVideoPlayer */ = {
			isa = PBXNativeTarget;
			buildConfigurationList = 00B183891CFEDEBB00604333 /* Build configuration list for PBXNativeTarget "LWVideoPlayer" */;
			buildPhases = (
				00B183731CFEDEBB00604333 /* Sources */,
				00B183741CFEDEBB00604333 /* Frameworks */,
				00B183751CFEDEBB00604333 /* Resources */,
			);
			buildRules = (
			);
			dependencies = (
			);
			name = LWVideoPlayer;
			productName = LWVideoPlayer;
			productReference = 00B183771CFEDEBB00604333 /* LWVideoPlayer.app */;
			productType = "com.apple.product-type.application";
		};
/* End PBXNativeTarget section */

/* Begin PBXProject section */
		00B1836F1CFEDEBB00604333 /* Project object */ = {
			isa = PBXProject;
			attributes = {
				LastSwiftUpdateCheck = 0730;
				LastUpgradeCheck = 0730;
				ORGANIZATIONNAME = lailingwei;
				TargetAttributes = {
					00B183761CFEDEBB00604333 = {
						CreatedOnToolsVersion = 7.3.1;
						DevelopmentTeam = HVAJQH4RME;
						LastSwiftMigration = 0800;
					};
				};
			};
			buildConfigurationList = 00B183721CFEDEBB00604333 /* Build configuration list for PBXProject "LWVideoPlayer" */;
			compatibilityVersion = "Xcode 3.2";
			developmentRegion = English;
			hasScannedForEncodings = 0;
			knownRegions = (
				en,
				Base,
			);
			mainGroup = 00B1836E1CFEDEBB00604333;
			productRefGroup = 00B183781CFEDEBB00604333 /* Products */;
			projectDirPath = "";
			projectRoot = "";
			targets = (
				00B183761CFEDEBB00604333 /* LWVideoPlayer */,
			);
		};
/* End PBXProject section */

/* Begin PBXResourcesBuildPhase section */
		00B183751CFEDEBB00604333 /* Resources */ = {
			isa = PBXResourcesBuildPhase;
			buildActionMask = 2147483647;
			files = (
				00B183851CFEDEBB00604333 /* LaunchScreen.storyboard in Resources */,
				00B183821CFEDEBB00604333 /* Assets.xcassets in Resources */,
				00B183801CFEDEBB00604333 /* Main.storyboard in Resources */,
				00CC89F51CFFE05800A62717 /* sample_clip1.m4v in Resources */,
			);
			runOnlyForDeploymentPostprocessing = 0;
		};
/* End PBXResourcesBuildPhase section */

/* Begin PBXSourcesBuildPhase section */
		00B183731CFEDEBB00604333 /* Sources */ = {
			isa = PBXSourcesBuildPhase;
			buildActionMask = 2147483647;
			files = (
				00B1837D1CFEDEBB00604333 /* ViewController.swift in Sources */,
				00B1838E1CFEDEFD00604333 /* LWVideoPlayer.swift in Sources */,
				00B1837B1CFEDEBB00604333 /* AppDelegate.swift in Sources */,
				00CC89F71D00150B00A62717 /* TableViewController.swift in Sources */,
			);
			runOnlyForDeploymentPostprocessing = 0;
		};
/* End PBXSourcesBuildPhase section */

/* Begin PBXVariantGroup section */
		00B1837E1CFEDEBB00604333 /* Main.storyboard */ = {
			isa = PBXVariantGroup;
			children = (
				00B1837F1CFEDEBB00604333 /* Base */,
			);
			name = Main.storyboard;
			sourceTree = "<group>";
		};
		00B183831CFEDEBB00604333 /* LaunchScreen.storyboard */ = {
			isa = PBXVariantGroup;
			children = (
				00B183841CFEDEBB00604333 /* Base */,
			);
			name = LaunchScreen.storyboard;
			sourceTree = "<group>";
		};
/* End PBXVariantGroup section */

/* Begin XCBuildConfiguration section */
		00B183871CFEDEBB00604333 /* Debug */ = {
			isa = XCBuildConfiguration;
			buildSettings = {
				ALWAYS_SEARCH_USER_PATHS = NO;
				CLANG_ANALYZER_NONNULL = YES;
				CLANG_CXX_LANGUAGE_STANDARD = "gnu++0x";
				CLANG_CXX_LIBRARY = "libc++";
				CLANG_ENABLE_MODULES = YES;
				CLANG_ENABLE_OBJC_ARC = YES;
				CLANG_WARN_BOOL_CONVERSION = YES;
				CLANG_WARN_CONSTANT_CONVERSION = YES;
				CLANG_WARN_DIRECT_OBJC_ISA_USAGE = YES_ERROR;
				CLANG_WARN_EMPTY_BODY = YES;
				CLANG_WARN_ENUM_CONVERSION = YES;
				CLANG_WARN_INT_CONVERSION = YES;
				CLANG_WARN_OBJC_ROOT_CLASS = YES_ERROR;
				CLANG_WARN_UNREACHABLE_CODE = YES;
				CLANG_WARN__DUPLICATE_METHOD_MATCH = YES;
				"CODE_SIGN_IDENTITY[sdk=iphoneos*]" = "iPhone Developer";
				COPY_PHASE_STRIP = NO;
				DEBUG_INFORMATION_FORMAT = dwarf;
				ENABLE_STRICT_OBJC_MSGSEND = YES;
				ENABLE_TESTABILITY = YES;
				GCC_C_LANGUAGE_STANDARD = gnu99;
				GCC_DYNAMIC_NO_PIC = NO;
				GCC_NO_COMMON_BLOCKS = YES;
				GCC_OPTIMIZATION_LEVEL = 0;
				GCC_PREPROCESSOR_DEFINITIONS = (
					"DEBUG=1",
					"$(inherited)",
				);
				GCC_WARN_64_TO_32_BIT_CONVERSION = YES;
				GCC_WARN_ABOUT_RETURN_TYPE = YES_ERROR;
				GCC_WARN_UNDECLARED_SELECTOR = YES;
				GCC_WARN_UNINITIALIZED_AUTOS = YES_AGGRESSIVE;
				GCC_WARN_UNUSED_FUNCTION = YES;
				GCC_WARN_UNUSED_VARIABLE = YES;
				IPHONEOS_DEPLOYMENT_TARGET = 9.3;
				MTL_ENABLE_DEBUG_INFO = YES;
				ONLY_ACTIVE_ARCH = YES;
				SDKROOT = iphoneos;
				SWIFT_OPTIMIZATION_LEVEL = "-Onone";
			};
			name = Debug;
		};
		00B183881CFEDEBB00604333 /* Release */ = {
			isa = XCBuildConfiguration;
			buildSettings = {
				ALWAYS_SEARCH_USER_PATHS = NO;
				CLANG_ANALYZER_NONNULL = YES;
				CLANG_CXX_LANGUAGE_STANDARD = "gnu++0x";
				CLANG_CXX_LIBRARY = "libc++";
				CLANG_ENABLE_MODULES = YES;
				CLANG_ENABLE_OBJC_ARC = YES;
				CLANG_WARN_BOOL_CONVERSION = YES;
				CLANG_WARN_CONSTANT_CONVERSION = YES;
				CLANG_WARN_DIRECT_OBJC_ISA_USAGE = YES_ERROR;
				CLANG_WARN_EMPTY_BODY = YES;
				CLANG_WARN_ENUM_CONVERSION = YES;
				CLANG_WARN_INT_CONVERSION = YES;
				CLANG_WARN_OBJC_ROOT_CLASS = YES_ERROR;
				CLANG_WARN_UNREACHABLE_CODE = YES;
				CLANG_WARN__DUPLICATE_METHOD_MATCH = YES;
				"CODE_SIGN_IDENTITY[sdk=iphoneos*]" = "iPhone Developer";
				COPY_PHASE_STRIP = NO;
				DEBUG_INFORMATION_FORMAT = "dwarf-with-dsym";
				ENABLE_NS_ASSERTIONS = NO;
				ENABLE_STRICT_OBJC_MSGSEND = YES;
				GCC_C_LANGUAGE_STANDARD = gnu99;
				GCC_NO_COMMON_BLOCKS = YES;
				GCC_WARN_64_TO_32_BIT_CONVERSION = YES;
				GCC_WARN_ABOUT_RETURN_TYPE = YES_ERROR;
				GCC_WARN_UNDECLARED_SELECTOR = YES;
				GCC_WARN_UNINITIALIZED_AUTOS = YES_AGGRESSIVE;
				GCC_WARN_UNUSED_FUNCTION = YES;
				GCC_WARN_UNUSED_VARIABLE = YES;
				IPHONEOS_DEPLOYMENT_TARGET = 9.3;
				MTL_ENABLE_DEBUG_INFO = NO;
				SDKROOT = iphoneos;
				VALIDATE_PRODUCT = YES;
			};
			name = Release;
		};
		00B1838A1CFEDEBB00604333 /* Debug */ = {
			isa = XCBuildConfiguration;
			buildSettings = {
				ASSETCATALOG_COMPILER_APPICON_NAME = AppIcon;
				DEVELOPMENT_TEAM = HVAJQH4RME;
				INFOPLIST_FILE = LWVideoPlayer/Info.plist;
				IPHONEOS_DEPLOYMENT_TARGET = 7.1;
				LD_RUNPATH_SEARCH_PATHS = "$(inherited) @executable_path/Frameworks";
				PRODUCT_BUNDLE_IDENTIFIER = com.csym.LWVideoPlayer;
				PRODUCT_NAME = "$(TARGET_NAME)";
				SWIFT_VERSION = 3.0;
			};
			name = Debug;
		};
		00B1838B1CFEDEBB00604333 /* Release */ = {
			isa = XCBuildConfiguration;
			buildSettings = {
				ASSETCATALOG_COMPILER_APPICON_NAME = AppIcon;
				DEVELOPMENT_TEAM = HVAJQH4RME;
				INFOPLIST_FILE = LWVideoPlayer/Info.plist;
				IPHONEOS_DEPLOYMENT_TARGET = 7.1;
				LD_RUNPATH_SEARCH_PATHS = "$(inherited) @executable_path/Frameworks";
				PRODUCT_BUNDLE_IDENTIFIER = com.csym.LWVideoPlayer;
				PRODUCT_NAME = "$(TARGET_NAME)";
				SWIFT_VERSION = 3.0;
			};
			name = Release;
		};
/* End XCBuildConfiguration section */

/* Begin XCConfigurationList section */
		00B183721CFEDEBB00604333 /* Build configuration list for PBXProject "LWVideoPlayer" */ = {
			isa = XCConfigurationList;
			buildConfigurations = (
				00B183871CFEDEBB00604333 /* Debug */,
				00B183881CFEDEBB00604333 /* Release */,
			);
			defaultConfigurationIsVisible = 0;
			defaultConfigurationName = Release;
		};
		00B183891CFEDEBB00604333 /* Build configuration list for PBXNativeTarget "LWVideoPlayer" */ = {
			isa = XCConfigurationList;
			buildConfigurations = (
				00B1838A1CFEDEBB00604333 /* Debug */,
				00B1838B1CFEDEBB00604333 /* Release */,
			);
			defaultConfigurationIsVisible = 0;
			defaultConfigurationName = Release;
		};
/* End XCConfigurationList section */
	};
	rootObject = 00B1836F1CFEDEBB00604333 /* Project object */;
}
